{
  "name": "vdemo",
  "version": "0.0.0",
  "lockfileVersion": 1,
  "requires": true,
  "dependencies": {
    "@babel/parser": {
      "version": "7.18.3",
      "resolved": "https://registry.npmmirror.com/@babel/parser/-/parser-7.18.3.tgz",
      "integrity": "sha512-rL50YcEuHbbauAFAysNsJA4/f89fGTOBRNs9P81sniKnKAr4xULe5AecolcsKbi88xu0ByWYDj/S1AJ3FSFuSQ=="
    },
    "@css-render/plugin-bem": {
      "version": "0.15.10",
      "resolved": "https://registry.npmmirror.com/@css-render/plugin-bem/-/plugin-bem-0.15.10.tgz",
      "integrity": "sha512-V7b08sM2PWJlXI7BJiVIa0Sg30H3u/jHay4AclNXfF2yRFwwb4ZJjggsMfzwj3WSihAdNf2WTqvOU5qsOD80Dg==",
      "dev": true
    },
    "@css-render/vue3-ssr": {
      "version": "0.15.10",
      "resolved": "https://registry.npmmirror.com/@css-render/vue3-ssr/-/vue3-ssr-0.15.10.tgz",
      "integrity": "sha512-keGKnkB2nyVGoA8GezMKNsmvTGXEzgLOGGlgshwOTSEzd1dsROyZ2m/khJ9jV5zbzDM4rWeAWbWF0zwHemsJcw==",
      "dev": true
    },
    "@emotion/hash": {
      "version": "0.8.0",
      "resolved": "https://registry.npmmirror.com/@emotion/hash/-/hash-0.8.0.tgz",
      "integrity": "sha512-kBJtf7PH6aWwZ6fka3zQ0p6SBYzx4fl1LoZXE2RrnYST9Xljm7WfKJrU4g/Xr3Beg72MLrp1AWNUmuYJTL7Cow==",
      "dev": true
    },
    "@juggle/resize-observer": {
      "version": "3.3.1",
      "resolved": "https://registry.npmmirror.com/@juggle/resize-observer/-/resize-observer-3.3.1.tgz",
      "integrity": "sha512-zMM9Ds+SawiUkakS7y94Ymqx+S0ORzpG3frZirN3l+UlXUmSUR7hF4wxCVqW+ei94JzV5kt0uXBcoOEAuiydrw==",
      "dev": true
    },
    "@types/jest": {
      "version": "27.5.1",
      "resolved": "https://registry.npmmirror.com/@types/jest/-/jest-27.5.1.tgz",
      "integrity": "sha512-fUy7YRpT+rHXto1YlL+J9rs0uLGyiqVt3ZOTQR+4ROc47yNl8WLdVLgUloBRhOxP1PZvguHl44T3H0wAWxahYQ==",
      "dev": true,
      "requires": {
        "jest-matcher-utils": "^27.0.0",
        "pretty-format": "^27.0.0"
      }
    },
    "@types/lodash": {
      "version": "4.14.182",
      "resolved": "https://registry.npmmirror.com/@types/lodash/-/lodash-4.14.182.tgz",
      "integrity": "sha512-/THyiqyQAP9AfARo4pF+aCGcyiQ94tX/Is2I7HofNRqoYLgN1PBoOWu2/zTA5zMxzP5EFutMtWtGAFRKUe961Q==",
      "dev": true
    },
    "@types/lodash-es": {
      "version": "4.17.6",
      "resolved": "https://registry.npmmirror.com/@types/lodash-es/-/lodash-es-4.17.6.tgz",
      "integrity": "sha512-R+zTeVUKDdfoRxpAryaQNRKk3105Rrgx2CFRClIgRGaqDTdjsm8h6IYA8ir584W3ePzkZfst5xIgDwYrlh9HLg==",
      "dev": true,
      "requires": {
        "@types/lodash": "*"
      }
    },
    "@types/node": {
      "version": "17.0.35",
      "resolved": "https://registry.npmmirror.com/@types/node/-/node-17.0.35.tgz",
      "integrity": "sha512-vu1SrqBjbbZ3J6vwY17jBs8Sr/BKA+/a/WtjRG+whKg1iuLFOosq872EXS0eXWILdO36DHQQeku/ZcL6hz2fpg==",
      "dev": true
    },
    "@vicons/antd": {
      "version": "0.12.0",
      "resolved": "https://registry.npmmirror.com/@vicons/antd/-/antd-0.12.0.tgz",
      "integrity": "sha512-C0p6aO1EmGG1QHrqgUWQS1No20934OdWSRQshM5NIDK5H1On6tC26U0hT6Rmp40KfUsvhvX5YW8BoWJdNFifPg==",
      "dev": true
    },
    "@vicons/utils": {
      "version": "0.1.4",
      "resolved": "https://registry.npmmirror.com/@vicons/utils/-/utils-0.1.4.tgz",
      "integrity": "sha512-OHI19qVNN6i+uPQ+Y3f2s0dUxwsYnOCcKBW7XOU4yXXO1aU3ZoKpblCc3+4N0qmgoJs5rWKRAaMisipqEXJwAg==",
      "dev": true,
      "requires": {
        "@xicons/utils": "^0.1.4"
      }
    },
    "@vitejs/plugin-vue": {
      "version": "2.3.3",
      "resolved": "https://registry.npmmirror.com/@vitejs/plugin-vue/-/plugin-vue-2.3.3.tgz",
      "integrity": "sha512-SmQLDyhz+6lGJhPELsBdzXGc+AcaT8stgkbiTFGpXPe8Tl1tJaBw1A6pxDqDuRsVkD8uscrkx3hA7QDOoKYtyw==",
      "dev": true
    },
    "@vue/compiler-core": {
      "version": "3.2.36",
      "resolved": "https://registry.npmmirror.com/@vue/compiler-core/-/compiler-core-3.2.36.tgz",
      "integrity": "sha512-bbyZM5hvBicv0PW3KUfVi+x3ylHnfKG7DOn5wM+f2OztTzTjLEyBb/5yrarIYpmnGitVGbjZqDbODyW4iK8hqw==",
      "requires": {
        "@babel/parser": "^7.16.4",
        "@vue/shared": "3.2.36",
        "estree-walker": "^2.0.2",
        "source-map": "^0.6.1"
      }
    },
    "@vue/compiler-dom": {
      "version": "3.2.36",
      "resolved": "https://registry.npmmirror.com/@vue/compiler-dom/-/compiler-dom-3.2.36.tgz",
      "integrity": "sha512-tcOTAOiW4s24QLnq+ON6J+GRONXJ+A/mqKCORi0LSlIh8XQlNnlm24y8xIL8la+ZDgkdbjarQ9ZqYSvEja6gVA==",
      "requires": {
        "@vue/compiler-core": "3.2.36",
        "@vue/shared": "3.2.36"
      }
    },
    "@vue/compiler-sfc": {
      "version": "3.2.36",
      "resolved": "https://registry.npmmirror.com/@vue/compiler-sfc/-/compiler-sfc-3.2.36.tgz",
      "integrity": "sha512-AvGb4bTj4W8uQ4BqaSxo7UwTEqX5utdRSMyHy58OragWlt8nEACQ9mIeQh3K4di4/SX+41+pJrLIY01lHAOFOA==",
      "requires": {
        "@babel/parser": "^7.16.4",
        "@vue/compiler-core": "3.2.36",
        "@vue/compiler-dom": "3.2.36",
        "@vue/compiler-ssr": "3.2.36",
        "@vue/reactivity-transform": "3.2.36",
        "@vue/shared": "3.2.36",
        "estree-walker": "^2.0.2",
        "magic-string": "^0.25.7",
        "postcss": "^8.1.10",
        "source-map": "^0.6.1"
      }
    },
    "@vue/compiler-ssr": {
      "version": "3.2.36",
      "resolved": "https://registry.npmmirror.com/@vue/compiler-ssr/-/compiler-ssr-3.2.36.tgz",
      "integrity": "sha512-+KugInUFRvOxEdLkZwE+W43BqHyhBh0jpYXhmqw1xGq2dmE6J9eZ8UUSOKNhdHtQ/iNLWWeK/wPZkVLUf3YGaw==",
      "requires": {
        "@vue/compiler-dom": "3.2.36",
        "@vue/shared": "3.2.36"
      }
    },
    "@vue/reactivity": {
      "version": "3.2.36",
      "resolved": "https://registry.npmmirror.com/@vue/reactivity/-/reactivity-3.2.36.tgz",
      "integrity": "sha512-c2qvopo0crh9A4GXi2/2kfGYMxsJW4tVILrqRPydVGZHhq0fnzy6qmclWOhBFckEhmyxmpHpdJtIRYGeKcuhnA==",
      "requires": {
        "@vue/shared": "3.2.36"
      }
    },
    "@vue/reactivity-transform": {
      "version": "3.2.36",
      "resolved": "https://registry.npmmirror.com/@vue/reactivity-transform/-/reactivity-transform-3.2.36.tgz",
      "integrity": "sha512-Jk5o2BhpODC9XTA7o4EL8hSJ4JyrFWErLtClG3NH8wDS7ri9jBDWxI7/549T7JY9uilKsaNM+4pJASLj5dtRwA==",
      "requires": {
        "@babel/parser": "^7.16.4",
        "@vue/compiler-core": "3.2.36",
        "@vue/shared": "3.2.36",
        "estree-walker": "^2.0.2",
        "magic-string": "^0.25.7"
      }
    },
    "@vue/runtime-core": {
      "version": "3.2.36",
      "resolved": "https://registry.npmmirror.com/@vue/runtime-core/-/runtime-core-3.2.36.tgz",
      "integrity": "sha512-PTWBD+Lub+1U3/KhbCExrfxyS14hstLX+cBboxVHaz+kXoiDLNDEYAovPtxeTutbqtClIXtft+wcGdC+FUQ9qQ==",
      "requires": {
        "@vue/reactivity": "3.2.36",
        "@vue/shared": "3.2.36"
      }
    },
    "@vue/runtime-dom": {
      "version": "3.2.36",
      "resolved": "https://registry.npmmirror.com/@vue/runtime-dom/-/runtime-dom-3.2.36.tgz",
      "integrity": "sha512-gYPYblm7QXHVuBohqNRRT7Wez0f2Mx2D40rb4fleehrJU9CnkjG0phhcGEZFfGwCmHZRqBCRgbFWE98bPULqkg==",
      "requires": {
        "@vue/runtime-core": "3.2.36",
        "@vue/shared": "3.2.36",
        "csstype": "^2.6.8"
      }
    },
    "@vue/server-renderer": {
      "version": "3.2.36",
      "resolved": "https://registry.npmmirror.com/@vue/server-renderer/-/server-renderer-3.2.36.tgz",
      "integrity": "sha512-uZE0+jfye6yYXWvAQYeHZv+f50sRryvy16uiqzk3jn8hEY8zTjI+rzlmZSGoE915k+W/Ol9XSw6vxOUD8dGkUg==",
      "requires": {
        "@vue/compiler-ssr": "3.2.36",
        "@vue/shared": "3.2.36"
      }
    },
    "@vue/shared": {
      "version": "3.2.36",
      "resolved": "https://registry.npmmirror.com/@vue/shared/-/shared-3.2.36.tgz",
      "integrity": "sha512-JtB41wXl7Au3+Nl3gD16Cfpj7k/6aCroZ6BbOiCMFCMvrOpkg/qQUXTso2XowaNqBbnkuGHurLAqkLBxNGc1hQ=="
    },
    "@xicons/utils": {
      "version": "0.1.4",
      "resolved": "https://registry.npmmirror.com/@xicons/utils/-/utils-0.1.4.tgz",
      "integrity": "sha512-uXxKDLz9abr80yJC05XSTq6wlyFcdW+N/1IYJkeHjzzXVc4VQ0sEYMoMMTjAH7HQBOyOkzOB4pf5NGF72lwa8Q==",
      "dev": true,
      "requires": {
        "css-render": "^0.13.2"
      },
      "dependencies": {
        "@types/node": {
          "version": "14.14.45",
          "resolved": "https://registry.npmmirror.com/@types/node/-/node-14.14.45.tgz",
          "integrity": "sha512-DssMqTV9UnnoxDWu959sDLZzfvqCF0qDNRjaWeYSui9xkFe61kKo4l1TWNTQONpuXEm+gLMRvdlzvNHBamzmEw==",
          "dev": true
        },
        "css-render": {
          "version": "0.13.9",
          "resolved": "https://registry.npmmirror.com/css-render/-/css-render-0.13.9.tgz",
          "integrity": "sha512-n3C4ZH59rveBrUlAD7n0Ze9/gUMKa4dlH1C9CWKpGcIHR/xRcIVXzBGy1iw8WWq2ySmn2/ZqOpySQNAK5Pb6sw==",
          "dev": true,
          "requires": {
            "@emotion/hash": "~0.8.0",
            "@types/node": "~14.14.31",
            "csstype": "~3.0.5"
          }
        },
        "csstype": {
          "version": "3.0.11",
          "resolved": "https://registry.npmmirror.com/csstype/-/csstype-3.0.11.tgz",
          "integrity": "sha512-sa6P2wJ+CAbgyy4KFssIb/JNMLxFvKF1pCYCSXS8ZMuqZnMsrxqI2E5sPyoTpxoPU/gVZMzr2zjOfg8GIZOMsw==",
          "dev": true
        }
      }
    },
    "ansi-regex": {
      "version": "5.0.1",
      "resolved": "https://registry.npmmirror.com/ansi-regex/-/ansi-regex-5.0.1.tgz",
      "integrity": "sha512-quJQXlTSUGL2LH9SUXo8VwsY4soanhgo6LNSm84E1LBcE8s3O0wpdiRzyR9z/ZZJMlMWv37qOOb9pdJlMUEKFQ==",
      "dev": true
    },
    "ansi-styles": {
      "version": "4.3.0",
      "resolved": "https://registry.npmmirror.com/ansi-styles/-/ansi-styles-4.3.0.tgz",
      "integrity": "sha512-zbB9rCJAT1rbjiVDb2hqKFHNYLxgtk8NURxZ3IZwD3F6NtxbXZQCnnSi1Lkx+IDohdPlFp222wVALIheZJQSEg==",
      "dev": true,
      "requires": {
        "color-convert": "^2.0.1"
      }
    },
    "async-validator": {
      "version": "4.1.1",
      "resolved": "https://registry.npmmirror.com/async-validator/-/async-validator-4.1.1.tgz",
      "integrity": "sha512-p4DO/JXwjs8klJyJL8Q2oM4ks5fUTze/h5k10oPPKMiLe1fj3G1QMzPHNmN1Py4ycOk7WlO2DcGXv1qiESJCZA==",
      "dev": true
    },
    "chalk": {
      "version": "4.1.2",
      "resolved": "https://registry.npmmirror.com/chalk/-/chalk-4.1.2.tgz",
      "integrity": "sha512-oKnbhFyRIXpUuez8iBMmyEa4nbj4IOQyuhc/wy9kY7/WVPcwIO9VA668Pu8RkO7+0G76SLROeyw9CpQ061i4mA==",
      "dev": true,
      "requires": {
        "ansi-styles": "^4.1.0",
        "supports-color": "^7.1.0"
      }
    },
    "color-convert": {
      "version": "2.0.1",
      "resolved": "https://registry.npmmirror.com/color-convert/-/color-convert-2.0.1.tgz",
      "integrity": "sha512-RRECPsj7iu/xb5oKYcsFHSppFNnsj/52OVTRKb4zP5onXwVF3zVmmToNcOfGC+CRDpfK/U584fMg38ZHCaElKQ==",
      "dev": true,
      "requires": {
        "color-name": "~1.1.4"
      }
    },
    "color-name": {
      "version": "1.1.4",
      "resolved": "https://registry.npmmirror.com/color-name/-/color-name-1.1.4.tgz",
      "integrity": "sha512-dOy+3AuW3a2wNbZHIuMZpTcgjGuLU/uBL/ubcZF9OXbDo8ff4O8yVp5Bf0efS8uEoYo5q4Fx7dY9OgQGXgAsQA==",
      "dev": true
    },
    "css-render": {
      "version": "0.15.10",
      "resolved": "https://registry.npmmirror.com/css-render/-/css-render-0.15.10.tgz",
      "integrity": "sha512-6j5acvm81sXTHJiF47FNNICtDpF74YoWk1xEK3qQvdqgW6vc+OXrPqflL6m8f5GE6XuFYrbACNEd17kraCSBAQ==",
      "dev": true,
      "requires": {
        "@emotion/hash": "~0.8.0",
        "@types/node": "~17.0.5",
        "csstype": "~3.0.5"
      },
      "dependencies": {
        "csstype": {
          "version": "3.0.11",
          "resolved": "https://registry.npmmirror.com/csstype/-/csstype-3.0.11.tgz",
          "integrity": "sha512-sa6P2wJ+CAbgyy4KFssIb/JNMLxFvKF1pCYCSXS8ZMuqZnMsrxqI2E5sPyoTpxoPU/gVZMzr2zjOfg8GIZOMsw==",
          "dev": true
        }
      }
    },
    "csstype": {
      "version": "2.6.20",
      "resolved": "https://registry.npmmirror.com/csstype/-/csstype-2.6.20.tgz",
      "integrity": "sha512-/WwNkdXfckNgw6S5R125rrW8ez139lBHWouiBvX8dfMFtcn6V81REDqnH7+CRpRipfYlyU1CmOnOxrmGcFOjeA=="
    },
    "date-fns": {
      "version": "2.28.0",
      "resolved": "https://registry.npmmirror.com/date-fns/-/date-fns-2.28.0.tgz",
      "integrity": "sha512-8d35hViGYx/QH0icHYCeLmsLmMUheMmTyV9Fcm6gvNwdw31yXXH+O85sOBJ+OLnLQMKZowvpKb6FgMIQjcpvQw==",
      "dev": true
    },
    "date-fns-tz": {
      "version": "1.3.4",
      "resolved": "https://registry.npmmirror.com/date-fns-tz/-/date-fns-tz-1.3.4.tgz",
      "integrity": "sha512-O47vEyz85F2ax/ZdhMBJo187RivZGjH6V0cPjPzpm/yi6YffJg4upD/8ibezO11ezZwP3QYlBHh/t4JhRNx0Ow==",
      "dev": true
    },
    "diff-sequences": {
      "version": "27.5.1",
      "resolved": "https://registry.npmmirror.com/diff-sequences/-/diff-sequences-27.5.1.tgz",
      "integrity": "sha512-k1gCAXAsNgLwEL+Y8Wvl+M6oEFj5bgazfZULpS5CneoPPXRaCCW7dm+q21Ky2VEE5X+VeRDBVg1Pcvvsr4TtNQ==",
      "dev": true
    },
    "esbuild": {
      "version": "0.14.41",
      "resolved": "https://registry.npmmirror.com/esbuild/-/esbuild-0.14.41.tgz",
      "integrity": "sha512-uZl2CH5nwayLPi1Unhfk+vBBjD3FDlYQ+v24qAlj2oZMYQP8pFs1k3DK5ViD+keF3JnuV4K7JtqVvBmTDwVEbA==",
      "dev": true,
      "requires": {
        "esbuild-android-64": "0.14.41",
        "esbuild-android-arm64": "0.14.41",
        "esbuild-darwin-64": "0.14.41",
        "esbuild-darwin-arm64": "0.14.41",
        "esbuild-freebsd-64": "0.14.41",
        "esbuild-freebsd-arm64": "0.14.41",
        "esbuild-linux-32": "0.14.41",
        "esbuild-linux-64": "0.14.41",
        "esbuild-linux-arm": "0.14.41",
        "esbuild-linux-arm64": "0.14.41",
        "esbuild-linux-mips64le": "0.14.41",
        "esbuild-linux-ppc64le": "0.14.41",
        "esbuild-linux-riscv64": "0.14.41",
        "esbuild-linux-s390x": "0.14.41",
        "esbuild-netbsd-64": "0.14.41",
        "esbuild-openbsd-64": "0.14.41",
        "esbuild-sunos-64": "0.14.41",
        "esbuild-windows-32": "0.14.41",
        "esbuild-windows-64": "0.14.41",
        "esbuild-windows-arm64": "0.14.41"
      }
    },
    "esbuild-android-64": {
      "version": "0.14.41",
      "resolved": "https://registry.npmmirror.com/esbuild-android-64/-/esbuild-android-64-0.14.41.tgz",
      "integrity": "sha512-byyo8LPOGHzAqxbwh2Q72d7L+rXXTsr/KALjsiCySrJ60CGMe80i3bwoQ+WODxsGaH08R//yg5oc7xHKgQz4uw==",
      "dev": true,
      "optional": true
    },
    "esbuild-android-arm64": {
      "version": "0.14.41",
      "resolved": "https://registry.npmmirror.com/esbuild-android-arm64/-/esbuild-android-arm64-0.14.41.tgz",
      "integrity": "sha512-7koo9Dm/mwK4M8PGQX8JQRc4UQ4Wj7DT1nD4BQkVs2jxtHbYOlnsQH0fneKSXZVmnBIHYcntr/e1VU5gnYLvGQ==",
      "dev": true,
      "optional": true
    },
    "esbuild-darwin-64": {
      "version": "0.14.41",
      "resolved": "https://registry.npmmirror.com/esbuild-darwin-64/-/esbuild-darwin-64-0.14.41.tgz",
      "integrity": "sha512-kW8fC2auh9jjmBXudTmlMfbBCMYMuujhxG40CxMhKiQ8NLBK4RU9yUYY6ss7QJp24kVTtKd4IvfwOio9SE53MA==",
      "dev": true,
      "optional": true
    },
    "esbuild-darwin-arm64": {
      "version": "0.14.41",
      "resolved": "https://registry.npmmirror.com/esbuild-darwin-arm64/-/esbuild-darwin-arm64-0.14.41.tgz",
      "integrity": "sha512-cO0EPkiQt0bERH9sZFIoTywWfGhEpshdpvQpDfLh/ZJLeioQfaarM9YDrmID+f7k77djh0mdyfsC6XpS0HlLsw==",
      "dev": true,
      "optional": true
    },
    "esbuild-freebsd-64": {
      "version": "0.14.41",
      "resolved": "https://registry.npmmirror.com/esbuild-freebsd-64/-/esbuild-freebsd-64-0.14.41.tgz",
      "integrity": "sha512-6tsMDK6b7czCOjsr68BgVogFXcTCWL3T7yFXRFuAmXwY9ybYgX8sybD7ztrRB03dLAPeMxHo+PzeMD6LdVrLdQ==",
      "dev": true,
      "optional": true
    },
    "esbuild-freebsd-arm64": {
      "version": "0.14.41",
      "resolved": "https://registry.npmmirror.com/esbuild-freebsd-arm64/-/esbuild-freebsd-arm64-0.14.41.tgz",
      "integrity": "sha512-AQ2S/VCLKVBe/+HNiFLyp3w9i7AEtCOWEzKHSkfHk0VO5bPzHd7WJfWmj1Bxliu7vdPESbiDUTJIH3rDt4bzSA==",
      "dev": true,
      "optional": true
    },
    "esbuild-linux-32": {
      "version": "0.14.41",
      "resolved": "https://registry.npmmirror.com/esbuild-linux-32/-/esbuild-linux-32-0.14.41.tgz",
      "integrity": "sha512-sb7Kah5Px6BNZ6gzm0nJLuDeAJKbIlaKIoI9zgZ5dFDxZSn91TMAHJz5W39YDJ8+ZaGJYIdqZSpDo+4G769mZw==",
      "dev": true,
      "optional": true
    },
    "esbuild-linux-64": {
      "version": "0.14.41",
      "resolved": "https://registry.npmmirror.com/esbuild-linux-64/-/esbuild-linux-64-0.14.41.tgz",
      "integrity": "sha512-PeI0bfbv+5ondZRhPRszptp3RQRRAPxpOB2CYDphKske5+UlCXPi4Af+T++OqhV5TEpymTfxJdJQ1sn1w32coA==",
      "dev": true,
      "optional": true
    },
    "esbuild-linux-arm": {
      "version": "0.14.41",
      "resolved": "https://registry.npmmirror.com/esbuild-linux-arm/-/esbuild-linux-arm-0.14.41.tgz",
      "integrity": "sha512-8DQ6Sv3XNwgu0cnPA3q+kJSqfOYLDqWzpW8dPF+/Or23bS/5EIT/CzN73uIhR8A3AokXIczn88VKti7Xtv+V2g==",
      "dev": true,
      "optional": true
    },
    "esbuild-linux-arm64": {
      "version": "0.14.41",
      "resolved": "https://registry.npmmirror.com/esbuild-linux-arm64/-/esbuild-linux-arm64-0.14.41.tgz",
      "integrity": "sha512-aAhBX6kVG8hTVuANE90ORobioHdpZLzy8Fibf4XBuG4IuJfjgM5N4wFIq2Tpd+Ykit432PL/YOQhZ4W6nVc4cQ==",
      "dev": true,
      "optional": true
    },
    "esbuild-linux-mips64le": {
      "version": "0.14.41",
      "resolved": "https://registry.npmmirror.com/esbuild-linux-mips64le/-/esbuild-linux-mips64le-0.14.41.tgz",
      "integrity": "sha512-88xo4FRYQ2laMJnrqZu8j5q531XT/odZnhO5NLWO/NdweIdT8F+QL0fNIBIf+nVkC1d0Psgmt+g35GAODMDl8g==",
      "dev": true,
      "optional": true
    },
    "esbuild-linux-ppc64le": {
      "version": "0.14.41",
      "resolved": "https://registry.npmmirror.com/esbuild-linux-ppc64le/-/esbuild-linux-ppc64le-0.14.41.tgz",
      "integrity": "sha512-kJ0r/Cg3LzFzHhbBsvqi/hDPGKMGzFiPGOmUvqTkfVXhRUQtOMkXkyKdP7OEMRb8ctPtnptsZOOXPHRdU0NdJQ==",
      "dev": true,
      "optional": true
    },
    "esbuild-linux-riscv64": {
      "version": "0.14.41",
      "resolved": "https://registry.npmmirror.com/esbuild-linux-riscv64/-/esbuild-linux-riscv64-0.14.41.tgz",
      "integrity": "sha512-ZJ7d/qFRx14J3aP75ccrFSZyuYZ1hu8IVfwVqyQg4jQFgNME2FMz7pZMskBJ0fSW8QcYUnN3RubFXWijyjKUug==",
      "dev": true,
      "optional": true
    },
    "esbuild-linux-s390x": {
      "version": "0.14.41",
      "resolved": "https://registry.npmmirror.com/esbuild-linux-s390x/-/esbuild-linux-s390x-0.14.41.tgz",
      "integrity": "sha512-xeWAEZt1jAfYkYuyIUuHKpH/oj7O862Je5HTH9E+4sEfoOnZaAmFrisbXjGDKXjMRKYscFlM8wXdNBmiqQlT8g==",
      "dev": true,
      "optional": true
    },
    "esbuild-netbsd-64": {
      "version": "0.14.41",
      "resolved": "https://registry.npmmirror.com/esbuild-netbsd-64/-/esbuild-netbsd-64-0.14.41.tgz",
      "integrity": "sha512-X/UE3Asqy594/atYi/STgYtaMQBJwtZKF0KFFdJTkwb6rtaoHCM1o482iHibgnSK7CicuRhyTZ+cNx4OFqRQAg==",
      "dev": true,
      "optional": true
    },
    "esbuild-openbsd-64": {
      "version": "0.14.41",
      "resolved": "https://registry.npmmirror.com/esbuild-openbsd-64/-/esbuild-openbsd-64-0.14.41.tgz",
      "integrity": "sha512-6m+1dtdO+4KaU3R0UTT82hxWxWpFCjgSHhQl/PKtMmq+CvvxRQDcTwujLC843M7ChGVWNM2q1s6YCwoA0WQ9kw==",
      "dev": true,
      "optional": true
    },
    "esbuild-sunos-64": {
      "version": "0.14.41",
      "resolved": "https://registry.npmmirror.com/esbuild-sunos-64/-/esbuild-sunos-64-0.14.41.tgz",
      "integrity": "sha512-p96tTTcE8/WY7A4Udh+fxVUTGL8rIXOpyxyhZiXug+f7DGbjE24PbewqgIBRSDyM7xRUty+1RzqyJz73YIV6yg==",
      "dev": true,
      "optional": true
    },
    "esbuild-windows-32": {
      "version": "0.14.41",
      "resolved": "https://registry.npmmirror.com/esbuild-windows-32/-/esbuild-windows-32-0.14.41.tgz",
      "integrity": "sha512-jS+/pGyPPzrL8tgcvOxLEatV1QPICghKm13EjEVgkeRftl8X6tqRyFv/9eKutczdD3sklMDOJfivoPD32D46Ww==",
      "dev": true,
      "optional": true
    },
    "esbuild-windows-64": {
      "version": "0.14.41",
      "resolved": "https://registry.npmmirror.com/esbuild-windows-64/-/esbuild-windows-64-0.14.41.tgz",
      "integrity": "sha512-vLqmKbV8FJ7LFMrT3zEQpojnUUbXyqhRPVGnAYzc0ESY5yAuom4E9tL7KzZ5H8KEuCUf//AvbyxpE+yOcjpyjA==",
      "dev": true,
      "optional": true
    },
    "esbuild-windows-arm64": {
      "version": "0.14.41",
      "resolved": "https://registry.npmmirror.com/esbuild-windows-arm64/-/esbuild-windows-arm64-0.14.41.tgz",
      "integrity": "sha512-TOvj7kRTfpH4GPPmblvuMNf8oNJ3y2h7a6HttanVnc3QLMm5bNFYLSo6TShLOn0SbqFWGJwHIhGhw2JK96aVhg==",
      "dev": true,
      "optional": true
    },
    "estree-walker": {
      "version": "2.0.2",
      "resolved": "https://registry.npmmirror.com/estree-walker/-/estree-walker-2.0.2.tgz",
      "integrity": "sha512-Rfkk/Mp/DL7JVje3u18FxFujQlTNR2q6QfMSMB7AvCBx91NGj/ba3kCfza0f6dVDbw7YlRf/nDrn7pQrCCyQ/w=="
    },
    "evtd": {
      "version": "0.2.3",
      "resolved": "https://registry.npmmirror.com/evtd/-/evtd-0.2.3.tgz",
      "integrity": "sha512-tmiT1YUVqFjTY+BSBOAskL83xNx41iUfpvKP6Gcd/xMHjg3mnER98jXGXJyKnxCG19uPc6EhZiUC+MUyvoqCtw==",
      "dev": true
    },
    "fsevents": {
      "version": "2.3.2",
      "resolved": "https://registry.npmmirror.com/fsevents/-/fsevents-2.3.2.tgz",
      "integrity": "sha512-xiqMQR4xAeHTuB9uWm+fFRcIOgKBMiOBP+eXiyT7jsgVCq1bkVygt00oASowB7EdtpOHaaPgKt812P9ab+DDKA==",
      "dev": true,
      "optional": true
    },
    "function-bind": {
      "version": "1.1.1",
      "resolved": "https://registry.npmmirror.com/function-bind/-/function-bind-1.1.1.tgz",
      "integrity": "sha512-yIovAzMX49sF8Yl58fSCWJ5svSLuaibPxXQJFLmBObTuCr0Mf1KiPopGM9NiFjiYBCbfaa2Fh6breQ6ANVTI0A==",
      "dev": true
    },
    "has": {
      "version": "1.0.3",
      "resolved": "https://registry.npmmirror.com/has/-/has-1.0.3.tgz",
      "integrity": "sha512-f2dvO0VU6Oej7RkWJGrehjbzMAjFp5/VKPp5tTpWIV4JHHZK1/BxbFRtf/siA2SWTe09caDmVtYYzWEIbBS4zw==",
      "dev": true,
      "requires": {
        "function-bind": "^1.1.1"
      }
    },
    "has-flag": {
      "version": "4.0.0",
      "resolved": "https://registry.npmmirror.com/has-flag/-/has-flag-4.0.0.tgz",
      "integrity": "sha512-EykJT/Q1KjTWctppgIAgfSO0tKVuZUjhgMr17kqTumMl6Afv3EISleU7qZUzoXDFTAHTDC4NOoG/ZxU3EvlMPQ==",
      "dev": true
    },
    "highlight.js": {
      "version": "11.5.1",
      "resolved": "https://registry.npmmirror.com/highlight.js/-/highlight.js-11.5.1.tgz",
      "integrity": "sha512-LKzHqnxr4CrD2YsNoIf/o5nJ09j4yi/GcH5BnYz9UnVpZdS4ucMgvP61TDty5xJcFGRjnH4DpujkS9bHT3hq0Q==",
      "dev": true
    },
    "is-core-module": {
      "version": "2.9.0",
      "resolved": "https://registry.npmmirror.com/is-core-module/-/is-core-module-2.9.0.tgz",
      "integrity": "sha512-+5FPy5PnwmO3lvfMb0AsoPaBG+5KHUI0wYFXOtYPnVVVspTFUuMZNfNaNVRt3FZadstu2c8x23vykRW/NBoU6A==",
      "dev": true,
      "requires": {
        "has": "^1.0.3"
      }
    },
    "jest-diff": {
      "version": "27.5.1",
      "resolved": "https://registry.npmmirror.com/jest-diff/-/jest-diff-27.5.1.tgz",
      "integrity": "sha512-m0NvkX55LDt9T4mctTEgnZk3fmEg3NRYutvMPWM/0iPnkFj2wIeF45O1718cMSOFO1vINkqmxqD8vE37uTEbqw==",
      "dev": true,
      "requires": {
        "chalk": "^4.0.0",
        "diff-sequences": "^27.5.1",
        "jest-get-type": "^27.5.1",
        "pretty-format": "^27.5.1"
      }
    },
    "jest-get-type": {
      "version": "27.5.1",
      "resolved": "https://registry.npmmirror.com/jest-get-type/-/jest-get-type-27.5.1.tgz",
      "integrity": "sha512-2KY95ksYSaK7DMBWQn6dQz3kqAf3BB64y2udeG+hv4KfSOb9qwcYQstTJc1KCbsix+wLZWZYN8t7nwX3GOBLRw==",
      "dev": true
    },
    "jest-matcher-utils": {
      "version": "27.5.1",
      "resolved": "https://registry.npmmirror.com/jest-matcher-utils/-/jest-matcher-utils-27.5.1.tgz",
      "integrity": "sha512-z2uTx/T6LBaCoNWNFWwChLBKYxTMcGBRjAt+2SbP929/Fflb9aa5LGma654Rz8z9HLxsrUaYzxE9T/EFIL/PAw==",
      "dev": true,
      "requires": {
        "chalk": "^4.0.0",
        "jest-diff": "^27.5.1",
        "jest-get-type": "^27.5.1",
        "pretty-format": "^27.5.1"
      }
    },
    "lodash": {
      "version": "4.17.21",
      "resolved": "https://registry.npmmirror.com/lodash/-/lodash-4.17.21.tgz",
      "integrity": "sha512-v2kDEe57lecTulaDIuNTPy3Ry4gLGJ6Z1O3vE1krgXZNrsQ+LFTGHVxVjcXPs17LhbZVGedAJv8XZ1tvj5FvSg==",
      "dev": true
    },
    "lodash-es": {
      "version": "4.17.21",
      "resolved": "https://registry.npmmirror.com/lodash-es/-/lodash-es-4.17.21.tgz",
      "integrity": "sha512-mKnC+QJ9pWVzv+C4/U3rRsHapFfHvQFoFB92e52xeyGMcX6/OlIl78je1u8vePzYZSkkogMPJ2yjxxsb89cxyw==",
      "dev": true
    },
    "magic-string": {
      "version": "0.25.9",
      "resolved": "https://registry.npmmirror.com/magic-string/-/magic-string-0.25.9.tgz",
      "integrity": "sha512-RmF0AsMzgt25qzqqLc1+MbHmhdx0ojF2Fvs4XnOqz2ZOBXzzkEwc/dJQZCYHAn7v1jbVOjAZfK8msRn4BxO4VQ==",
      "requires": {
        "sourcemap-codec": "^1.4.8"
      }
    },
    "naive-ui": {
      "version": "2.29.0",
      "resolved": "https://registry.npmmirror.com/naive-ui/-/naive-ui-2.29.0.tgz",
      "integrity": "sha512-zZ4ka0Y5QakNyqJIPiAoZ5YJG4mCiSw+HzYtreEmOvBmbP14/iUXarRhI9a3XET8g6ix682TcitamlCyqZ/y2Q==",
      "dev": true,
      "requires": {
        "@css-render/plugin-bem": "^0.15.10",
        "@css-render/vue3-ssr": "^0.15.10",
        "@types/lodash": "^4.14.181",
        "@types/lodash-es": "^4.17.6",
        "async-validator": "^4.0.7",
        "css-render": "^0.15.10",
        "date-fns": "^2.28.0",
        "date-fns-tz": "^1.3.3",
        "evtd": "^0.2.3",
        "highlight.js": "^11.5.0",
        "lodash": "^4.17.21",
        "lodash-es": "^4.17.21",
        "seemly": "^0.3.3",
        "treemate": "^0.3.11",
        "vdirs": "^0.1.8",
        "vooks": "^0.2.12",
        "vueuc": "^0.4.33"
      }
    },
    "nanoid": {
      "version": "3.3.4",
      "resolved": "https://registry.npmmirror.com/nanoid/-/nanoid-3.3.4.tgz",
      "integrity": "sha512-MqBkQh/OHTS2egovRtLk45wEyNXwF+cokD+1YPf9u5VfJiRdAiRwB2froX5Co9Rh20xs4siNPm8naNotSD6RBw=="
    },
    "path-parse": {
      "version": "1.0.7",
      "resolved": "https://registry.npmmirror.com/path-parse/-/path-parse-1.0.7.tgz",
      "integrity": "sha512-LDJzPVEEEPR+y48z93A0Ed0yXb8pAByGWo/k5YYdYgpY2/2EsOsksJrq7lOHxryrVOn1ejG6oAp8ahvOIQD8sw==",
      "dev": true
    },
    "picocolors": {
      "version": "1.0.0",
      "resolved": "https://registry.npmmirror.com/picocolors/-/picocolors-1.0.0.tgz",
      "integrity": "sha512-1fygroTLlHu66zi26VoTDv8yRgm0Fccecssto+MhsZ0D/DGW2sm8E8AjW7NU5VVTRt5GxbeZ5qBuJr+HyLYkjQ=="
    },
    "postcss": {
      "version": "8.4.14",
      "resolved": "https://registry.npmmirror.com/postcss/-/postcss-8.4.14.tgz",
      "integrity": "sha512-E398TUmfAYFPBSdzgeieK2Y1+1cpdxJx8yXbK/m57nRhKSmk1GB2tO4lbLBtlkfPQTDKfe4Xqv1ASWPpayPEig==",
      "requires": {
        "nanoid": "^3.3.4",
        "picocolors": "^1.0.0",
        "source-map-js": "^1.0.2"
      }
    },
    "pretty-format": {
      "version": "27.5.1",
      "resolved": "https://registry.npmmirror.com/pretty-format/-/pretty-format-27.5.1.tgz",
      "integrity": "sha512-Qb1gy5OrP5+zDf2Bvnzdl3jsTf1qXVMazbvCoKhtKqVs4/YK4ozX4gKQJJVyNe+cajNPn0KoC0MC3FUmaHWEmQ==",
      "dev": true,
      "requires": {
        "ansi-regex": "^5.0.1",
        "ansi-styles": "^5.0.0",
        "react-is": "^17.0.1"
      },
      "dependencies": {
        "ansi-styles": {
          "version": "5.2.0",
          "resolved": "https://registry.npmmirror.com/ansi-styles/-/ansi-styles-5.2.0.tgz",
          "integrity": "sha512-Cxwpt2SfTzTtXcfOlzGEee8O+c+MmUgGrNiBcXnuWxuFJHe6a5Hz7qwhwe5OgaSYI0IJvkLqWX1ASG+cJOkEiA==",
          "dev": true
        }
      }
    },
    "react-is": {
      "version": "17.0.2",
      "resolved": "https://registry.npmmirror.com/react-is/-/react-is-17.0.2.tgz",
      "integrity": "sha512-w2GsyukL62IJnlaff/nRegPQR94C/XXamvMWmSHRJ4y7Ts/4ocGRmTHvOs8PSE6pB3dWOrD/nueuU5sduBsQ4w==",
      "dev": true
    },
    "resolve": {
      "version": "1.22.0",
      "resolved": "https://registry.npmmirror.com/resolve/-/resolve-1.22.0.tgz",
      "integrity": "sha512-Hhtrw0nLeSrFQ7phPp4OOcVjLPIeMnRlr5mcnVuMe7M/7eBn98A3hmFRLoFo3DLZkivSYwhRUJTyPyWAk56WLw==",
      "dev": true,
      "requires": {
        "is-core-module": "^2.8.1",
        "path-parse": "^1.0.7",
        "supports-preserve-symlinks-flag": "^1.0.0"
      }
    },
    "rollup": {
      "version": "2.75.0",
      "resolved": "https://registry.npmmirror.com/rollup/-/rollup-2.75.0.tgz",
      "integrity": "sha512-1/wxtweHJ7YwI2AIK3ZgCBU3nbW8sLnBIFwN46cwOTnVzt8f1o6J8zPKjwoiuADvzSjmnLqJce31p0q2vQ+dqw==",
      "dev": true,
      "requires": {
        "fsevents": "~2.3.2"
      }
    },
    "seemly": {
      "version": "0.3.3",
      "resolved": "https://registry.npmmirror.com/seemly/-/seemly-0.3.3.tgz",
      "integrity": "sha512-mAyqemz41e9HiZPMXAn7NtTExJgztwco5cdZjrt/iViU/oFeav+Q8K1c93M/tIZZ00QkT65JMr4xXQk7Vv5hWQ==",
      "dev": true,
      "requires": {
        "@types/jest": "^27.0.1"
      }
    },
    "source-map": {
      "version": "0.6.1",
      "resolved": "https://registry.npmmirror.com/source-map/-/source-map-0.6.1.tgz",
      "integrity": "sha512-UjgapumWlbMhkBgzT7Ykc5YXUT46F0iKu8SGXq0bcwP5dz/h0Plj6enJqjz1Zbq2l5WaqYnrVbwWOWMyF3F47g=="
    },
    "source-map-js": {
      "version": "1.0.2",
      "resolved": "https://registry.npmmirror.com/source-map-js/-/source-map-js-1.0.2.tgz",
      "integrity": "sha512-R0XvVJ9WusLiqTCEiGCmICCMplcCkIwwR11mOSD9CR5u+IXYdiseeEuXCVAjS54zqwkLcPNnmU4OeJ6tUrWhDw=="
    },
    "sourcemap-codec": {
      "version": "1.4.8",
      "resolved": "https://registry.npmmirror.com/sourcemap-codec/-/sourcemap-codec-1.4.8.tgz",
      "integrity": "sha512-9NykojV5Uih4lgo5So5dtw+f0JgJX30KCNI8gwhz2J9A15wD0Ml6tjHKwf6fTSa6fAdVBdZeNOs9eJ71qCk8vA=="
    },
    "supports-color": {
      "version": "7.2.0",
      "resolved": "https://registry.npmmirror.com/supports-color/-/supports-color-7.2.0.tgz",
      "integrity": "sha512-qpCAvRl9stuOHveKsn7HncJRvv501qIacKzQlO/+Lwxc9+0q2wLyv4Dfvt80/DPn2pqOBsJdDiogXGR9+OvwRw==",
      "dev": true,
      "requires": {
        "has-flag": "^4.0.0"
      }
    },
    "supports-preserve-symlinks-flag": {
      "version": "1.0.0",
      "resolved": "https://registry.npmmirror.com/supports-preserve-symlinks-flag/-/supports-preserve-symlinks-flag-1.0.0.tgz",
      "integrity": "sha512-ot0WnXS9fgdkgIcePe6RHNk1WA8+muPa6cSjeR3V8K27q9BB1rTE3R1p7Hv0z1ZyAc8s6Vvv8DIyWf681MAt0w==",
      "dev": true
    },
    "treemate": {
      "version": "0.3.11",
      "resolved": "https://registry.npmmirror.com/treemate/-/treemate-0.3.11.tgz",
      "integrity": "sha512-M8RGFoKtZ8dF+iwJfAJTOH/SM4KluKOKRJpjCMhI8bG3qB74zrFoArKZ62ll0Fr3mqkMJiQOmWYkdYgDeITYQg==",
      "dev": true
    },
    "vdirs": {
      "version": "0.1.8",
      "resolved": "https://registry.npmmirror.com/vdirs/-/vdirs-0.1.8.tgz",
      "integrity": "sha512-H9V1zGRLQZg9b+GdMk8MXDN2Lva0zx72MPahDKc30v+DtwKjfyOSXWRIX4t2mhDubM1H09gPhWeth/BJWPHGUw==",
      "dev": true,
      "requires": {
        "evtd": "^0.2.2"
      }
    },
    "vfonts": {
      "version": "0.0.3",
      "resolved": "https://registry.npmmirror.com/vfonts/-/vfonts-0.0.3.tgz",
      "integrity": "sha512-nguyw8L6Un8eelg1vQ31vIU2ESxqid7EYmy8V+MDeMaHBqaRSkg3dTBToC1PR00D89UzS/SLkfYPnx0Wf23IQQ==",
      "dev": true
    },
    "vite": {
      "version": "2.9.9",
      "resolved": "https://registry.npmmirror.com/vite/-/vite-2.9.9.tgz",
      "integrity": "sha512-ffaam+NgHfbEmfw/Vuh6BHKKlI/XIAhxE5QSS7gFLIngxg171mg1P3a4LSRME0z2ZU1ScxoKzphkipcYwSD5Ew==",
      "dev": true,
      "requires": {
        "esbuild": "^0.14.27",
        "fsevents": "~2.3.2",
        "postcss": "^8.4.13",
        "resolve": "^1.22.0",
        "rollup": "^2.59.0"
      }
    },
    "vooks": {
      "version": "0.2.12",
      "resolved": "https://registry.npmmirror.com/vooks/-/vooks-0.2.12.tgz",
      "integrity": "sha512-iox0I3RZzxtKlcgYaStQYKEzWWGAduMmq+jS7OrNdQo1FgGfPMubGL3uGHOU9n97NIvfFDBGnpSvkWyb/NSn/Q==",
      "dev": true,
      "requires": {
        "evtd": "^0.2.2"
      }
    },
    "vue": {
      "version": "3.2.36",
      "resolved": "https://registry.npmmirror.com/vue/-/vue-3.2.36.tgz",
      "integrity": "sha512-5yTXmrE6gW8IQgttzHW5bfBiFA6mx35ZXHjGLDmKYzW6MMmYvCwuKybANRepwkMYeXw2v1buGg3/lPICY5YlZw==",
      "requires": {
        "@vue/compiler-dom": "3.2.36",
        "@vue/compiler-sfc": "3.2.36",
        "@vue/runtime-dom": "3.2.36",
        "@vue/server-renderer": "3.2.36",
        "@vue/shared": "3.2.36"
      }
    },
    "vueuc": {
      "version": "0.4.37",
      "resolved": "https://registry.npmmirror.com/vueuc/-/vueuc-0.4.37.tgz",
      "integrity": "sha512-NJVeUet0O2ta95aVYs7lNphG0AQFfNEuXxlIL50ZxQ//HTITkua17Rlh0RdyXG3C37HR/TqKAG5be7QJjJT3Fg==",
      "dev": true,
      "requires": {
        "@css-render/vue3-ssr": "^0.15.10",
        "@juggle/resize-observer": "^3.3.1",
        "css-render": "^0.15.10",
        "evtd": "^0.2.2",
        "seemly": "^0.3.1",
        "vdirs": "^0.1.4",
        "vooks": "^0.2.4"
      }
    }
  }
}
